
Microsoft Visual Studio Solution File, Format Version 10.00
# Visual Studio 2008
Project("{FAE04EC0-301F-11D3-BF4B-00C04F79EFBC}") = "CommunicationsManager.Core", "CommunicationsManager.Core\CommunicationsManager.Core.csproj", "{ACF4F9A1-F7A3-4650-85C0-AA5BB9172CF5}"
EndProject
Project("{2150E333-8FDC-42A3-9474-1A3956D46DE8}") = "Solution Items", "Solution Items", "{4E2A362A-BF26-41BF-8053-750350A677C0}"
	ProjectSection(SolutionItems) = preProject
		CommunicationsManager.snk = CommunicationsManager.snk
	EndProjectSection
EndProject
Global
	GlobalSection(TeamFoundationVersionControl) = preSolution
		SccNumberOfProjects = 2
		SccEnterpriseProvider = {4CA58AB2-18FA-4F8D-95D4-32DDF27D184C}
		SccTeamFoundationServer = https://mssdtfsapp.fnac.br:8443/
		SccLocalPath0 = .
		SccProjectUniqueName1 = CommunicationsManager.Core\\CommunicationsManager.Core.csproj
		SccProjectName1 = CommunicationsManager.Core
		SccLocalPath1 = CommunicationsManager.Core
	EndGlobalSection
	GlobalSection(SolutionConfigurationPlatforms) = preSolution
		Debug|Any CPU = Debug|Any CPU
		Release|Any CPU = Release|Any CPU
	EndGlobalSection
	GlobalSection(ProjectConfigurationPlatforms) = postSolution
		{ACF4F9A1-F7A3-4650-85C0-AA5BB9172CF5}.Debug|Any CPU.ActiveCfg = Debug|Any CPU
		{ACF4F9A1-F7A3-4650-85C0-AA5BB9172CF5}.Debug|Any CPU.Build.0 = Debug|Any CPU
		{ACF4F9A1-F7A3-4650-85C0-AA5BB9172CF5}.Release|Any CPU.ActiveCfg = Release|Any CPU
		{ACF4F9A1-F7A3-4650-85C0-AA5BB9172CF5}.Release|Any CPU.Build.0 = Release|Any CPU
	EndGlobalSection
	GlobalSection(SolutionProperties) = preSolution
		HideSolutionNode = FALSE
	EndGlobalSection
EndGlobal
